
Microsoft Visual Studio Solution File, Format Version 12.00
# Visual Studio Version 16
VisualStudioVersion = 16.0.30128.74
MinimumVisualStudioVersion = 10.0.40219.1
Project("{FAE04EC0-301F-11D3-BF4B-00C04F79EFBC}") = "tee4", "tee4\tee4.csproj", "{2C1B0F2B-324D-47C8-8095-339186F8F35A}"
EndProject
Global
	GlobalSection(SolutionConfigurationPlatforms) = preSolution
		Debug|Any CPU = Debug|Any CPU
		Release|Any CPU = Release|Any CPU
	EndGlobalSection
	GlobalSection(ProjectConfigurationPlatforms) = postSolution
		{2C1B0F2B-324D-47C8-8095-339186F8F35A}.Debug|Any CPU.ActiveCfg = Debug|Any CPU
		{2C1B0F2B-324D-47C8-8095-339186F8F35A}.Debug|Any CPU.Build.0 = Debug|Any CPU
		{2C1B0F2B-324D-47C8-8095-339186F8F35A}.Release|Any CPU.ActiveCfg = Release|Any CPU
		{2C1B0F2B-324D-47C8-8095-339186F8F35A}.Release|Any CPU.Build.0 = Release|Any CPU
	EndGlobalSection
	GlobalSection(SolutionProperties) = preSolution
		HideSolutionNode = FALSE
	EndGlobalSection
	GlobalSection(ExtensibilityGlobals) = postSolution
		SolutionGuid = {06394A68-1117-4ED2-829F-6C7DD9D03F78}
	EndGlobalSection
EndGlobal
